
Microsoft Visual Studio Solution File, Format Version 12.00
# Visual Studio Version 17
VisualStudioVersion = 17.10.35122.118
MinimumVisualStudioVersion = 10.0.40219.1
Project("{FAE04EC0-301F-11D3-BF4B-00C04F79EFBC}") = "WinFormsApp2", "WinFormsApp2\WinFormsApp2.csproj", "{07867D1E-5C52-4D51-B62A-5A8C17E82D43}"
EndProject
Global
	GlobalSection(SolutionConfigurationPlatforms) = preSolution
		Debug|Any CPU = Debug|Any CPU
		Release|Any CPU = Release|Any CPU
	EndGlobalSection
	GlobalSection(ProjectConfigurationPlatforms) = postSolution
		{07867D1E-5C52-4D51-B62A-5A8C17E82D43}.Debug|Any CPU.ActiveCfg = Debug|Any CPU
		{07867D1E-5C52-4D51-B62A-5A8C17E82D43}.Debug|Any CPU.Build.0 = Debug|Any CPU
		{07867D1E-5C52-4D51-B62A-5A8C17E82D43}.Release|Any CPU.ActiveCfg = Release|Any CPU
		{07867D1E-5C52-4D51-B62A-5A8C17E82D43}.Release|Any CPU.Build.0 = Release|Any CPU
	EndGlobalSection
	GlobalSection(SolutionProperties) = preSolution
		HideSolutionNode = FALSE
	EndGlobalSection
	GlobalSection(ExtensibilityGlobals) = postSolution
		SolutionGuid = {DB581E48-4CB1-45D1-875E-2EC27ECF8F9E}
	EndGlobalSection
EndGlobal
